
Microsoft Visual Studio Solution File, Format Version 12.00
# Visual Studio Version 16
VisualStudioVersion = 16.0.31727.386
MinimumVisualStudioVersion = 10.0.40219.1
Project("{9A19103F-16F7-4668-BE54-9A1E7A4F7556}") = "MediaStreamer.WPF.NetCore3.1", "..\MediaStreamer.WPF.NetCore3.1\MediaStreamer.WPF.NetCore3.1.csproj", "{0718A214-46D1-483E-B2CE-5F33FC97E740}"
EndProject
Project("{9A19103F-16F7-4668-BE54-9A1E7A4F7556}") = "MediaStreamer.WPF.EventAction", "..\MediaStreamer.WPF.EventAction\MediaStreamer.WPF.EventAction.csproj", "{461A676C-E7B5-44AB-9F1D-5D543E8E35DC}"
EndProject
Project("{9A19103F-16F7-4668-BE54-9A1E7A4F7556}") = "LinqExtensions", "..\LinqExtensions\LinqExtensions.csproj", "{92AA9FF7-3187-4AA8-B3D4-CF2604D32B72}"
EndProject
Project("{9A19103F-16F7-4668-BE54-9A1E7A4F7556}") = "MediaStreamer.WindowsDesktop.DataAccess.NetStandard", "..\MediaStreamer.WindowsDesktop.DataAccess.NetStandard\MediaStreamer.WindowsDesktop.DataAccess.NetStandard.csproj", "{9C663D2F-1C29-40BE-86CA-3DE1F81DE840}"
EndProject
Project("{9A19103F-16F7-4668-BE54-9A1E7A4F7556}") = "MediaStreamer.Domain", "..\MediaStreamer.Domain\MediaStreamer.Domain.csproj", "{09A91BD6-A533-4945-B834-728A1A326085}"
EndProject
Project("{9A19103F-16F7-4668-BE54-9A1E7A4F7556}") = "MediaStreamer.IO", "..\MediaStreamer.IO\MediaStreamer.IO.csproj", "{E3701804-DB44-4DDF-A0B7-AC9F6A6D05E7}"
EndProject
Project("{9A19103F-16F7-4668-BE54-9A1E7A4F7556}") = "MediaStreamer.WindowsDesktop", "MediaStreamer.WindowsDesktop.csproj", "{2B036669-21EB-4C78-BAC0-E8EE764E22E2}"
EndProject
Project("{9A19103F-16F7-4668-BE54-9A1E7A4F7556}") = "MediaStreamer.WindowsDesktop.RAMControl", "..\MediaStreamer.WindowsDesktop.RAMControl\MediaStreamer.WindowsDesktop.RAMControl.csproj", "{1DC604C5-54C6-47CA-B4E6-079424683583}"
EndProject
Project("{9A19103F-16F7-4668-BE54-9A1E7A4F7556}") = "MediaStreamer.DMTagEditor", "..\MediaStreamer.DMTagEditor\MediaStreamer.DMTagEditor.csproj", "{56BFC0EF-94C5-4478-8966-B86B1AFEF226}"
EndProject
Global
	GlobalSection(SolutionConfigurationPlatforms) = preSolution
		Debug|Any CPU = Debug|Any CPU
		Release|Any CPU = Release|Any CPU
	EndGlobalSection
	GlobalSection(ProjectConfigurationPlatforms) = postSolution
		{0718A214-46D1-483E-B2CE-5F33FC97E740}.Debug|Any CPU.ActiveCfg = Debug|Any CPU
		{0718A214-46D1-483E-B2CE-5F33FC97E740}.Debug|Any CPU.Build.0 = Debug|Any CPU
		{0718A214-46D1-483E-B2CE-5F33FC97E740}.Release|Any CPU.ActiveCfg = Release|Any CPU
		{0718A214-46D1-483E-B2CE-5F33FC97E740}.Release|Any CPU.Build.0 = Release|Any CPU
		{461A676C-E7B5-44AB-9F1D-5D543E8E35DC}.Debug|Any CPU.ActiveCfg = Debug|Any CPU
		{461A676C-E7B5-44AB-9F1D-5D543E8E35DC}.Debug|Any CPU.Build.0 = Debug|Any CPU
		{461A676C-E7B5-44AB-9F1D-5D543E8E35DC}.Release|Any CPU.ActiveCfg = Release|Any CPU
		{461A676C-E7B5-44AB-9F1D-5D543E8E35DC}.Release|Any CPU.Build.0 = Release|Any CPU
		{92AA9FF7-3187-4AA8-B3D4-CF2604D32B72}.Debug|Any CPU.ActiveCfg = Debug|Any CPU
		{92AA9FF7-3187-4AA8-B3D4-CF2604D32B72}.Debug|Any CPU.Build.0 = Debug|Any CPU
		{92AA9FF7-3187-4AA8-B3D4-CF2604D32B72}.Release|Any CPU.ActiveCfg = Release|Any CPU
		{92AA9FF7-3187-4AA8-B3D4-CF2604D32B72}.Release|Any CPU.Build.0 = Release|Any CPU
		{9C663D2F-1C29-40BE-86CA-3DE1F81DE840}.Debug|Any CPU.ActiveCfg = Debug|Any CPU
		{9C663D2F-1C29-40BE-86CA-3DE1F81DE840}.Debug|Any CPU.Build.0 = Debug|Any CPU
		{9C663D2F-1C29-40BE-86CA-3DE1F81DE840}.Release|Any CPU.ActiveCfg = Release|Any CPU
		{9C663D2F-1C29-40BE-86CA-3DE1F81DE840}.Release|Any CPU.Build.0 = Release|Any CPU
		{09A91BD6-A533-4945-B834-728A1A326085}.Debug|Any CPU.ActiveCfg = Debug|Any CPU
		{09A91BD6-A533-4945-B834-728A1A326085}.Debug|Any CPU.Build.0 = Debug|Any CPU
		{09A91BD6-A533-4945-B834-728A1A326085}.Release|Any CPU.ActiveCfg = Release|Any CPU
		{09A91BD6-A533-4945-B834-728A1A326085}.Release|Any CPU.Build.0 = Release|Any CPU
		{E3701804-DB44-4DDF-A0B7-AC9F6A6D05E7}.Debug|Any CPU.ActiveCfg = Debug|Any CPU
		{E3701804-DB44-4DDF-A0B7-AC9F6A6D05E7}.Debug|Any CPU.Build.0 = Debug|Any CPU
		{E3701804-DB44-4DDF-A0B7-AC9F6A6D05E7}.Release|Any CPU.ActiveCfg = Release|Any CPU
		{E3701804-DB44-4DDF-A0B7-AC9F6A6D05E7}.Release|Any CPU.Build.0 = Release|Any CPU
		{2B036669-21EB-4C78-BAC0-E8EE764E22E2}.Debug|Any CPU.ActiveCfg = Debug|Any CPU
		{2B036669-21EB-4C78-BAC0-E8EE764E22E2}.Debug|Any CPU.Build.0 = Debug|Any CPU
		{2B036669-21EB-4C78-BAC0-E8EE764E22E2}.Release|Any CPU.ActiveCfg = Release|Any CPU
		{2B036669-21EB-4C78-BAC0-E8EE764E22E2}.Release|Any CPU.Build.0 = Release|Any CPU
		{1DC604C5-54C6-47CA-B4E6-079424683583}.Debug|Any CPU.ActiveCfg = Debug|Any CPU
		{1DC604C5-54C6-47CA-B4E6-079424683583}.Debug|Any CPU.Build.0 = Debug|Any CPU
		{1DC604C5-54C6-47CA-B4E6-079424683583}.Release|Any CPU.ActiveCfg = Release|Any CPU
		{1DC604C5-54C6-47CA-B4E6-079424683583}.Release|Any CPU.Build.0 = Release|Any CPU
		{56BFC0EF-94C5-4478-8966-B86B1AFEF226}.Debug|Any CPU.ActiveCfg = Debug|Any CPU
		{56BFC0EF-94C5-4478-8966-B86B1AFEF226}.Debug|Any CPU.Build.0 = Debug|Any CPU
		{56BFC0EF-94C5-4478-8966-B86B1AFEF226}.Release|Any CPU.ActiveCfg = Release|Any CPU
		{56BFC0EF-94C5-4478-8966-B86B1AFEF226}.Release|Any CPU.Build.0 = Release|Any CPU
	EndGlobalSection
	GlobalSection(SolutionProperties) = preSolution
		HideSolutionNode = FALSE
	EndGlobalSection
	GlobalSection(ExtensibilityGlobals) = postSolution
		SolutionGuid = {678566D8-EEFE-4E23-AD46-716E0218FED5}
	EndGlobalSection
EndGlobal
