
Microsoft Visual Studio Solution File, Format Version 12.00
# Visual Studio Version 17
VisualStudioVersion = 17.4.33122.133
MinimumVisualStudioVersion = 10.0.40219.1
Project("{9A19103F-16F7-4668-BE54-9A1E7A4F7556}") = "MediaStreamer.Domain", "MediaStreamer.Domain\MediaStreamer.Domain.csproj", "{FA4E2E79-CE32-40B6-B865-7305BF4CD2F8}"
EndProject
Project("{9A19103F-16F7-4668-BE54-9A1E7A4F7556}") = "MediaStreamer.DataAccess.CrossPlatform", "MediaStreamer.DataAccess.CrossPlatform\MediaStreamer.DataAccess.CrossPlatform.csproj", "{632147AA-8A43-47B3-862D-5230E3EE2ACC}"
EndProject
Project("{9A19103F-16F7-4668-BE54-9A1E7A4F7556}") = "MediaStreamer.DataAccess.CrossPlatform.UnitTest", "MediaStreamer.DataAccess.CrossPlatform.UnitTest\MediaStreamer.DataAccess.CrossPlatform.UnitTest.csproj", "{0E1BD0AF-43E5-4F2E-B55B-878B6D45AB81}"
EndProject
Project("{9A19103F-16F7-4668-BE54-9A1E7A4F7556}") = "MediaStreamer.Logging", "MediaStreamer.Logging\MediaStreamer.Logging.csproj", "{D8F3CD51-D71A-4816-A7B4-0C1161DA656D}"
EndProject
Project("{9A19103F-16F7-4668-BE54-9A1E7A4F7556}") = "StringExtensions", "StringExtensions\StringExtensions.csproj", "{53800DCD-9DAC-447A-81AB-FEFB100975BA}"
EndProject
Project("{9A19103F-16F7-4668-BE54-9A1E7A4F7556}") = "MediaStreamer.DataAccess.RawSQL", "MediaStreamer.DataAccess.RawSQL\MediaStreamer.DataAccess.RawSQL.csproj", "{637F1594-249F-46CE-B634-D3F8887EBD0B}"
EndProject
Project("{9A19103F-16F7-4668-BE54-9A1E7A4F7556}") = "Sealkeen.Linq.Extensions", "Sealkeen.Linq.Extensions\Sealkeen.Linq.Extensions.csproj", "{A58F222B-52E2-413D-9600-C99B25189C5D}"
EndProject
Project("{9A19103F-16F7-4668-BE54-9A1E7A4F7556}") = "ObjectModelExtensions", "ObjectModelExtensions\ObjectModelExtensions.csproj", "{5B26622C-7CD9-45D5-BB16-2DB98E26255D}"
EndProject
Global
	GlobalSection(SolutionConfigurationPlatforms) = preSolution
		Debug|Any CPU = Debug|Any CPU
		Debug|x86 = Debug|x86
		Release|Any CPU = Release|Any CPU
		Release|x86 = Release|x86
	EndGlobalSection
	GlobalSection(ProjectConfigurationPlatforms) = postSolution
		{FA4E2E79-CE32-40B6-B865-7305BF4CD2F8}.Debug|Any CPU.ActiveCfg = Debug|Any CPU
		{FA4E2E79-CE32-40B6-B865-7305BF4CD2F8}.Debug|Any CPU.Build.0 = Debug|Any CPU
		{FA4E2E79-CE32-40B6-B865-7305BF4CD2F8}.Debug|x86.ActiveCfg = Debug|Any CPU
		{FA4E2E79-CE32-40B6-B865-7305BF4CD2F8}.Debug|x86.Build.0 = Debug|Any CPU
		{FA4E2E79-CE32-40B6-B865-7305BF4CD2F8}.Release|Any CPU.ActiveCfg = Release|Any CPU
		{FA4E2E79-CE32-40B6-B865-7305BF4CD2F8}.Release|Any CPU.Build.0 = Release|Any CPU
		{FA4E2E79-CE32-40B6-B865-7305BF4CD2F8}.Release|x86.ActiveCfg = Release|Any CPU
		{FA4E2E79-CE32-40B6-B865-7305BF4CD2F8}.Release|x86.Build.0 = Release|Any CPU
		{632147AA-8A43-47B3-862D-5230E3EE2ACC}.Debug|Any CPU.ActiveCfg = Debug|Any CPU
		{632147AA-8A43-47B3-862D-5230E3EE2ACC}.Debug|Any CPU.Build.0 = Debug|Any CPU
		{632147AA-8A43-47B3-862D-5230E3EE2ACC}.Debug|x86.ActiveCfg = Debug|Any CPU
		{632147AA-8A43-47B3-862D-5230E3EE2ACC}.Debug|x86.Build.0 = Debug|Any CPU
		{632147AA-8A43-47B3-862D-5230E3EE2ACC}.Release|Any CPU.ActiveCfg = Release|Any CPU
		{632147AA-8A43-47B3-862D-5230E3EE2ACC}.Release|Any CPU.Build.0 = Release|Any CPU
		{632147AA-8A43-47B3-862D-5230E3EE2ACC}.Release|x86.ActiveCfg = Release|Any CPU
		{632147AA-8A43-47B3-862D-5230E3EE2ACC}.Release|x86.Build.0 = Release|Any CPU
		{0E1BD0AF-43E5-4F2E-B55B-878B6D45AB81}.Debug|Any CPU.ActiveCfg = Debug|Any CPU
		{0E1BD0AF-43E5-4F2E-B55B-878B6D45AB81}.Debug|Any CPU.Build.0 = Debug|Any CPU
		{0E1BD0AF-43E5-4F2E-B55B-878B6D45AB81}.Debug|x86.ActiveCfg = Debug|Any CPU
		{0E1BD0AF-43E5-4F2E-B55B-878B6D45AB81}.Debug|x86.Build.0 = Debug|Any CPU
		{0E1BD0AF-43E5-4F2E-B55B-878B6D45AB81}.Release|Any CPU.ActiveCfg = Release|Any CPU
		{0E1BD0AF-43E5-4F2E-B55B-878B6D45AB81}.Release|Any CPU.Build.0 = Release|Any CPU
		{0E1BD0AF-43E5-4F2E-B55B-878B6D45AB81}.Release|x86.ActiveCfg = Release|Any CPU
		{0E1BD0AF-43E5-4F2E-B55B-878B6D45AB81}.Release|x86.Build.0 = Release|Any CPU
		{D8F3CD51-D71A-4816-A7B4-0C1161DA656D}.Debug|Any CPU.ActiveCfg = Debug|Any CPU
		{D8F3CD51-D71A-4816-A7B4-0C1161DA656D}.Debug|Any CPU.Build.0 = Debug|Any CPU
		{D8F3CD51-D71A-4816-A7B4-0C1161DA656D}.Debug|x86.ActiveCfg = Debug|Any CPU
		{D8F3CD51-D71A-4816-A7B4-0C1161DA656D}.Debug|x86.Build.0 = Debug|Any CPU
		{D8F3CD51-D71A-4816-A7B4-0C1161DA656D}.Release|Any CPU.ActiveCfg = Release|Any CPU
		{D8F3CD51-D71A-4816-A7B4-0C1161DA656D}.Release|Any CPU.Build.0 = Release|Any CPU
		{D8F3CD51-D71A-4816-A7B4-0C1161DA656D}.Release|x86.ActiveCfg = Release|Any CPU
		{D8F3CD51-D71A-4816-A7B4-0C1161DA656D}.Release|x86.Build.0 = Release|Any CPU
		{53800DCD-9DAC-447A-81AB-FEFB100975BA}.Debug|Any CPU.ActiveCfg = Debug|Any CPU
		{53800DCD-9DAC-447A-81AB-FEFB100975BA}.Debug|Any CPU.Build.0 = Debug|Any CPU
		{53800DCD-9DAC-447A-81AB-FEFB100975BA}.Debug|x86.ActiveCfg = Debug|Any CPU
		{53800DCD-9DAC-447A-81AB-FEFB100975BA}.Debug|x86.Build.0 = Debug|Any CPU
		{53800DCD-9DAC-447A-81AB-FEFB100975BA}.Release|Any CPU.ActiveCfg = Release|Any CPU
		{53800DCD-9DAC-447A-81AB-FEFB100975BA}.Release|Any CPU.Build.0 = Release|Any CPU
		{53800DCD-9DAC-447A-81AB-FEFB100975BA}.Release|x86.ActiveCfg = Release|Any CPU
		{53800DCD-9DAC-447A-81AB-FEFB100975BA}.Release|x86.Build.0 = Release|Any CPU
		{637F1594-249F-46CE-B634-D3F8887EBD0B}.Debug|Any CPU.ActiveCfg = Debug|Any CPU
		{637F1594-249F-46CE-B634-D3F8887EBD0B}.Debug|Any CPU.Build.0 = Debug|Any CPU
		{637F1594-249F-46CE-B634-D3F8887EBD0B}.Debug|x86.ActiveCfg = Debug|Any CPU
		{637F1594-249F-46CE-B634-D3F8887EBD0B}.Debug|x86.Build.0 = Debug|Any CPU
		{637F1594-249F-46CE-B634-D3F8887EBD0B}.Release|Any CPU.ActiveCfg = Release|Any CPU
		{637F1594-249F-46CE-B634-D3F8887EBD0B}.Release|Any CPU.Build.0 = Release|Any CPU
		{637F1594-249F-46CE-B634-D3F8887EBD0B}.Release|x86.ActiveCfg = Release|Any CPU
		{637F1594-249F-46CE-B634-D3F8887EBD0B}.Release|x86.Build.0 = Release|Any CPU
		{A58F222B-52E2-413D-9600-C99B25189C5D}.Debug|Any CPU.ActiveCfg = Debug|Any CPU
		{A58F222B-52E2-413D-9600-C99B25189C5D}.Debug|Any CPU.Build.0 = Debug|Any CPU
		{A58F222B-52E2-413D-9600-C99B25189C5D}.Debug|x86.ActiveCfg = Debug|x86
		{A58F222B-52E2-413D-9600-C99B25189C5D}.Debug|x86.Build.0 = Debug|x86
		{A58F222B-52E2-413D-9600-C99B25189C5D}.Release|Any CPU.ActiveCfg = Release|Any CPU
		{A58F222B-52E2-413D-9600-C99B25189C5D}.Release|Any CPU.Build.0 = Release|Any CPU
		{A58F222B-52E2-413D-9600-C99B25189C5D}.Release|x86.ActiveCfg = Release|x86
		{A58F222B-52E2-413D-9600-C99B25189C5D}.Release|x86.Build.0 = Release|x86
		{5B26622C-7CD9-45D5-BB16-2DB98E26255D}.Debug|Any CPU.ActiveCfg = Debug|Any CPU
		{5B26622C-7CD9-45D5-BB16-2DB98E26255D}.Debug|Any CPU.Build.0 = Debug|Any CPU
		{5B26622C-7CD9-45D5-BB16-2DB98E26255D}.Debug|x86.ActiveCfg = Debug|Any CPU
		{5B26622C-7CD9-45D5-BB16-2DB98E26255D}.Debug|x86.Build.0 = Debug|Any CPU
		{5B26622C-7CD9-45D5-BB16-2DB98E26255D}.Release|Any CPU.ActiveCfg = Release|Any CPU
		{5B26622C-7CD9-45D5-BB16-2DB98E26255D}.Release|Any CPU.Build.0 = Release|Any CPU
		{5B26622C-7CD9-45D5-BB16-2DB98E26255D}.Release|x86.ActiveCfg = Release|Any CPU
		{5B26622C-7CD9-45D5-BB16-2DB98E26255D}.Release|x86.Build.0 = Release|Any CPU
	EndGlobalSection
	GlobalSection(SolutionProperties) = preSolution
		HideSolutionNode = FALSE
	EndGlobalSection
	GlobalSection(ExtensibilityGlobals) = postSolution
		SolutionGuid = {7DCA8860-C23A-49BC-948B-FC25A41C1F00}
	EndGlobalSection
EndGlobal
