
Microsoft Visual Studio Solution File, Format Version 12.00
# Visual Studio Version 17
VisualStudioVersion = 17.2.32519.379
MinimumVisualStudioVersion = 10.0.40219.1
Project("{9A19103F-16F7-4668-BE54-9A1E7A4F7556}") = "MediaStreamer.WPF.NetCore3.1", "..\MediaStreamer.WPF.NetCore3.1\MediaStreamer.WPF.NetCore3.1.csproj", "{0718A214-46D1-483E-B2CE-5F33FC97E740}"
EndProject
Project("{9A19103F-16F7-4668-BE54-9A1E7A4F7556}") = "MediaStreamer.WPF.EventAction", "..\MediaStreamer.WPF.EventAction\MediaStreamer.WPF.EventAction.csproj", "{461A676C-E7B5-44AB-9F1D-5D543E8E35DC}"
EndProject
Project("{9A19103F-16F7-4668-BE54-9A1E7A4F7556}") = "MediaStreamer.Domain", "..\MediaStreamer.Domain\MediaStreamer.Domain.csproj", "{09A91BD6-A533-4945-B834-728A1A326085}"
EndProject
Project("{9A19103F-16F7-4668-BE54-9A1E7A4F7556}") = "MediaStreamer.IO", "..\MediaStreamer.IO\MediaStreamer.IO.csproj", "{E3701804-DB44-4DDF-A0B7-AC9F6A6D05E7}"
EndProject
Project("{FAE04EC0-301F-11D3-BF4B-00C04F79EFBC}") = "MediaStreamer.WPF.Net40", "..\MediaStreamer.WPF.Net40\MediaStreamer.WPF.Net40.csproj", "{E8832C35-876C-4776-BE27-1B034C5FCA3E}"
EndProject
Project("{9A19103F-16F7-4668-BE54-9A1E7A4F7556}") = "MediaStreamer.TagEditor", "..\MediaStreamer.TagEditor\MediaStreamer.TagEditor.csproj", "{0F66C265-9312-4EBE-A624-295AE9178F67}"
EndProject
Project("{9A19103F-16F7-4668-BE54-9A1E7A4F7556}") = "MediaStreamer.WPF.Components", "MediaStreamer.WPF.Components.csproj", "{A2A51AFD-641C-4170-812D-A6E029772454}"
EndProject
Project("{FAE04EC0-301F-11D3-BF4B-00C04F79EFBC}") = "MediaStreamer.DataAccess.Net40", "..\MediaStreamer.DataAccess.Net40\MediaStreamer.DataAccess.Net40.csproj", "{55EBA084-29F7-4DCD-9D0C-67FA7E16A020}"
EndProject
Project("{9A19103F-16F7-4668-BE54-9A1E7A4F7556}") = "MediaStreamer.DataAccess.NetStandard", "..\MediaStreamer.DataAccess.NetStandard\MediaStreamer.DataAccess.NetStandard.csproj", "{26D675D9-47A3-4C12-9995-D06D7D40759E}"
EndProject
Project("{9A19103F-16F7-4668-BE54-9A1E7A4F7556}") = "Plugin.FilePicker", "..\..\XamarinFilePicker\FilePicker-Plugin-for-Xamarin-and-Windows\src\Plugin.FilePicker\Plugin.FilePicker.csproj", "{A946E686-B0BF-46F4-B708-A04E38F18C05}"
EndProject
Project("{9A19103F-16F7-4668-BE54-9A1E7A4F7556}") = "MediaStreamer.Net40.UnitTests", "..\MediaStreamer.Net40.UnitTests\MediaStreamer.Net40.UnitTests.csproj", "{56270AC4-1DD5-4E40-AF70-FA2B4C7FC04A}"
EndProject
Project("{9A19103F-16F7-4668-BE54-9A1E7A4F7556}") = "Plugin.FilePicker.Net40", "..\..\XamarinFilePicker\FilePicker-Plugin-for-Xamarin-and-Windows\src\Plugin.FilePicker\Plugin.FilePicker.Net40.csproj", "{5B2EE5F6-8752-41B4-824D-A237CEFAD254}"
EndProject
Project("{9A19103F-16F7-4668-BE54-9A1E7A4F7556}") = "MediaStreamer.TagEditor.UnitTests", "..\MediaStreamer.TagEditor.UnitTests\MediaStreamer.TagEditor.UnitTests.csproj", "{FFB04D3E-3565-4353-972A-692876835AFC}"
EndProject
Project("{9A19103F-16F7-4668-BE54-9A1E7A4F7556}") = "MediaStreamer.NetCoreApp.UnitTests", "..\MediaStreamer.NetCoreApp.UnitTests\MediaStreamer.NetCoreApp.UnitTests.csproj", "{754F1969-9812-4841-86B0-7888AC9F8C6D}"
EndProject
Project("{9A19103F-16F7-4668-BE54-9A1E7A4F7556}") = "MediaStreamer.DataAccess.CrossPlatform", "..\MediaStreamer.DataAccess.CrossPlatform\MediaStreamer.DataAccess.CrossPlatform.csproj", "{F4469D6C-4105-4525-BBB1-3430966888A6}"
EndProject
Project("{9A19103F-16F7-4668-BE54-9A1E7A4F7556}") = "StringExtensions", "..\StringExtensions\StringExtensions.csproj", "{B7EF8EB8-C7AA-4C9B-87F3-E82F7C76DB9F}"
EndProject
Project("{9A19103F-16F7-4668-BE54-9A1E7A4F7556}") = "TaglibSharp", "..\taglib-sharp\src\TaglibSharp\TaglibSharp.csproj", "{B16E8142-005B-4A46-904D-E9D2866948D5}"
EndProject
Project("{9A19103F-16F7-4668-BE54-9A1E7A4F7556}") = "MediaStreamer.DataAccess.CrossPlatform.UnitTest", "..\MediaStreamer.DataAccess.CrossPlatform.UnitTest\MediaStreamer.DataAccess.CrossPlatform.UnitTest.csproj", "{A9F67D75-44D2-4223-9690-8CF4730419C0}"
EndProject
Project("{9A19103F-16F7-4668-BE54-9A1E7A4F7556}") = "MediaStreamer.RAMControl", "..\MediaStreamer.RAMControl\MediaStreamer.RAMControl.csproj", "{2DAD561D-0E91-41AA-BB13-051F5D97A411}"
EndProject
Project("{9A19103F-16F7-4668-BE54-9A1E7A4F7556}") = "MediaStreamer.WPF.WebBrowser", "..\MediaStreamer.WPF.WebBrowser\MediaStreamer.WPF.WebBrowser.csproj", "{64765942-D9D4-498E-8E0B-B248B532E733}"
EndProject
Project("{9A19103F-16F7-4668-BE54-9A1E7A4F7556}") = "Win32DotNetWorkarounds", "..\Win32DotNetWorkarounds\Win32DotNetWorkarounds.csproj", "{C4FFAFD9-DA97-4E00-A805-3914E1A6F0F8}"
EndProject
Project("{9A19103F-16F7-4668-BE54-9A1E7A4F7556}") = "MediaStreamer.Logging", "..\MediaStreamer.Logging\MediaStreamer.Logging.csproj", "{678607E9-6FF5-4A92-8C82-436313CCE01E}"
EndProject
Project("{9A19103F-16F7-4668-BE54-9A1E7A4F7556}") = "Sealkeen.Abstractions", "..\Sealkeen.Abstractions\Sealkeen.Abstractions.csproj", "{81FD0DEA-C02F-4D88-A05E-D0184BE8BA98}"
EndProject
Project("{9A19103F-16F7-4668-BE54-9A1E7A4F7556}") = "MediaStreamer.DataAccess.RawSQL", "..\MediaStreamer.DataAccess.RawSQL\MediaStreamer.DataAccess.RawSQL.csproj", "{36EBF45B-EEF8-4F94-AA2A-27FB92F212CC}"
EndProject
Project("{9A19103F-16F7-4668-BE54-9A1E7A4F7556}") = "MediaStreamer.WPF.Resources", "..\MediaStreamer.WPF.Resources\MediaStreamer.WPF.Resources.csproj", "{F97470A1-B857-4228-8030-9EC821540B8C}"
EndProject
Project("{9A19103F-16F7-4668-BE54-9A1E7A4F7556}") = "Sealkeen.Linq.Extensions", "..\Sealkeen.Linq.Extensions\Sealkeen.Linq.Extensions.csproj", "{C20CBBE2-D33E-4E6B-B8A1-3FE0DA64E1AA}"
EndProject
Project("{9A19103F-16F7-4668-BE54-9A1E7A4F7556}") = "Sealkeen.ObjectModel.Extensions", "..\Sealkeen.ObjectModel.Extensions\Sealkeen.ObjectModel.Extensions.csproj", "{1C65CB27-A69A-4826-BB7E-6CEC1B842CF6}"
EndProject
Project("{FAE04EC0-301F-11D3-BF4B-00C04F79EFBC}") = "MediaStreamer.Domain.Specialized", "..\MediaStreamer.Domain.Specialized\MediaStreamer.Domain.Specialized.csproj", "{2B2D1C94-EFCB-45D2-A383-78CAB4985B4F}"
EndProject
Global
	GlobalSection(SolutionConfigurationPlatforms) = preSolution
		Debug|Any CPU = Debug|Any CPU
		Debug|x86 = Debug|x86
		Release|Any CPU = Release|Any CPU
		Release|x86 = Release|x86
	EndGlobalSection
	GlobalSection(ProjectConfigurationPlatforms) = postSolution
		{0718A214-46D1-483E-B2CE-5F33FC97E740}.Debug|Any CPU.ActiveCfg = Debug|Any CPU
		{0718A214-46D1-483E-B2CE-5F33FC97E740}.Debug|Any CPU.Build.0 = Debug|Any CPU
		{0718A214-46D1-483E-B2CE-5F33FC97E740}.Debug|x86.ActiveCfg = Debug|x86
		{0718A214-46D1-483E-B2CE-5F33FC97E740}.Debug|x86.Build.0 = Debug|x86
		{0718A214-46D1-483E-B2CE-5F33FC97E740}.Release|Any CPU.ActiveCfg = Release|Any CPU
		{0718A214-46D1-483E-B2CE-5F33FC97E740}.Release|Any CPU.Build.0 = Release|Any CPU
		{0718A214-46D1-483E-B2CE-5F33FC97E740}.Release|x86.ActiveCfg = Release|x86
		{0718A214-46D1-483E-B2CE-5F33FC97E740}.Release|x86.Build.0 = Release|x86
		{461A676C-E7B5-44AB-9F1D-5D543E8E35DC}.Debug|Any CPU.ActiveCfg = Debug|Any CPU
		{461A676C-E7B5-44AB-9F1D-5D543E8E35DC}.Debug|Any CPU.Build.0 = Debug|Any CPU
		{461A676C-E7B5-44AB-9F1D-5D543E8E35DC}.Debug|x86.ActiveCfg = Debug|x86
		{461A676C-E7B5-44AB-9F1D-5D543E8E35DC}.Debug|x86.Build.0 = Debug|x86
		{461A676C-E7B5-44AB-9F1D-5D543E8E35DC}.Release|Any CPU.ActiveCfg = Release|Any CPU
		{461A676C-E7B5-44AB-9F1D-5D543E8E35DC}.Release|Any CPU.Build.0 = Release|Any CPU
		{461A676C-E7B5-44AB-9F1D-5D543E8E35DC}.Release|x86.ActiveCfg = Release|x86
		{461A676C-E7B5-44AB-9F1D-5D543E8E35DC}.Release|x86.Build.0 = Release|x86
		{09A91BD6-A533-4945-B834-728A1A326085}.Debug|Any CPU.ActiveCfg = Debug|Any CPU
		{09A91BD6-A533-4945-B834-728A1A326085}.Debug|Any CPU.Build.0 = Debug|Any CPU
		{09A91BD6-A533-4945-B834-728A1A326085}.Debug|x86.ActiveCfg = Debug|Any CPU
		{09A91BD6-A533-4945-B834-728A1A326085}.Debug|x86.Build.0 = Debug|Any CPU
		{09A91BD6-A533-4945-B834-728A1A326085}.Release|Any CPU.ActiveCfg = Release|Any CPU
		{09A91BD6-A533-4945-B834-728A1A326085}.Release|Any CPU.Build.0 = Release|Any CPU
		{09A91BD6-A533-4945-B834-728A1A326085}.Release|x86.ActiveCfg = Release|Any CPU
		{09A91BD6-A533-4945-B834-728A1A326085}.Release|x86.Build.0 = Release|Any CPU
		{E3701804-DB44-4DDF-A0B7-AC9F6A6D05E7}.Debug|Any CPU.ActiveCfg = Debug|Any CPU
		{E3701804-DB44-4DDF-A0B7-AC9F6A6D05E7}.Debug|Any CPU.Build.0 = Debug|Any CPU
		{E3701804-DB44-4DDF-A0B7-AC9F6A6D05E7}.Debug|x86.ActiveCfg = Debug|Any CPU
		{E3701804-DB44-4DDF-A0B7-AC9F6A6D05E7}.Debug|x86.Build.0 = Debug|Any CPU
		{E3701804-DB44-4DDF-A0B7-AC9F6A6D05E7}.Release|Any CPU.ActiveCfg = Release|Any CPU
		{E3701804-DB44-4DDF-A0B7-AC9F6A6D05E7}.Release|Any CPU.Build.0 = Release|Any CPU
		{E3701804-DB44-4DDF-A0B7-AC9F6A6D05E7}.Release|x86.ActiveCfg = Release|Any CPU
		{E3701804-DB44-4DDF-A0B7-AC9F6A6D05E7}.Release|x86.Build.0 = Release|Any CPU
		{E8832C35-876C-4776-BE27-1B034C5FCA3E}.Debug|Any CPU.ActiveCfg = Debug|Any CPU
		{E8832C35-876C-4776-BE27-1B034C5FCA3E}.Debug|Any CPU.Build.0 = Debug|Any CPU
		{E8832C35-876C-4776-BE27-1B034C5FCA3E}.Debug|x86.ActiveCfg = Debug|Any CPU
		{E8832C35-876C-4776-BE27-1B034C5FCA3E}.Debug|x86.Build.0 = Debug|Any CPU
		{E8832C35-876C-4776-BE27-1B034C5FCA3E}.Release|Any CPU.ActiveCfg = Release|Any CPU
		{E8832C35-876C-4776-BE27-1B034C5FCA3E}.Release|Any CPU.Build.0 = Release|Any CPU
		{E8832C35-876C-4776-BE27-1B034C5FCA3E}.Release|x86.ActiveCfg = Release|Any CPU
		{E8832C35-876C-4776-BE27-1B034C5FCA3E}.Release|x86.Build.0 = Release|Any CPU
		{0F66C265-9312-4EBE-A624-295AE9178F67}.Debug|Any CPU.ActiveCfg = Debug|Any CPU
		{0F66C265-9312-4EBE-A624-295AE9178F67}.Debug|Any CPU.Build.0 = Debug|Any CPU
		{0F66C265-9312-4EBE-A624-295AE9178F67}.Debug|x86.ActiveCfg = Debug|Any CPU
		{0F66C265-9312-4EBE-A624-295AE9178F67}.Debug|x86.Build.0 = Debug|Any CPU
		{0F66C265-9312-4EBE-A624-295AE9178F67}.Release|Any CPU.ActiveCfg = Release|Any CPU
		{0F66C265-9312-4EBE-A624-295AE9178F67}.Release|Any CPU.Build.0 = Release|Any CPU
		{0F66C265-9312-4EBE-A624-295AE9178F67}.Release|x86.ActiveCfg = Release|Any CPU
		{0F66C265-9312-4EBE-A624-295AE9178F67}.Release|x86.Build.0 = Release|Any CPU
		{A2A51AFD-641C-4170-812D-A6E029772454}.Debug|Any CPU.ActiveCfg = Debug|Any CPU
		{A2A51AFD-641C-4170-812D-A6E029772454}.Debug|Any CPU.Build.0 = Debug|Any CPU
		{A2A51AFD-641C-4170-812D-A6E029772454}.Debug|x86.ActiveCfg = Debug|Any CPU
		{A2A51AFD-641C-4170-812D-A6E029772454}.Debug|x86.Build.0 = Debug|Any CPU
		{A2A51AFD-641C-4170-812D-A6E029772454}.Release|Any CPU.ActiveCfg = Release|Any CPU
		{A2A51AFD-641C-4170-812D-A6E029772454}.Release|Any CPU.Build.0 = Release|Any CPU
		{A2A51AFD-641C-4170-812D-A6E029772454}.Release|x86.ActiveCfg = Release|Any CPU
		{A2A51AFD-641C-4170-812D-A6E029772454}.Release|x86.Build.0 = Release|Any CPU
		{55EBA084-29F7-4DCD-9D0C-67FA7E16A020}.Debug|Any CPU.ActiveCfg = Debug|Any CPU
		{55EBA084-29F7-4DCD-9D0C-67FA7E16A020}.Debug|Any CPU.Build.0 = Debug|Any CPU
		{55EBA084-29F7-4DCD-9D0C-67FA7E16A020}.Debug|x86.ActiveCfg = Debug|Any CPU
		{55EBA084-29F7-4DCD-9D0C-67FA7E16A020}.Debug|x86.Build.0 = Debug|Any CPU
		{55EBA084-29F7-4DCD-9D0C-67FA7E16A020}.Release|Any CPU.ActiveCfg = Release|Any CPU
		{55EBA084-29F7-4DCD-9D0C-67FA7E16A020}.Release|Any CPU.Build.0 = Release|Any CPU
		{55EBA084-29F7-4DCD-9D0C-67FA7E16A020}.Release|x86.ActiveCfg = Release|Any CPU
		{55EBA084-29F7-4DCD-9D0C-67FA7E16A020}.Release|x86.Build.0 = Release|Any CPU
		{26D675D9-47A3-4C12-9995-D06D7D40759E}.Debug|Any CPU.ActiveCfg = Debug|Any CPU
		{26D675D9-47A3-4C12-9995-D06D7D40759E}.Debug|Any CPU.Build.0 = Debug|Any CPU
		{26D675D9-47A3-4C12-9995-D06D7D40759E}.Debug|x86.ActiveCfg = Debug|Any CPU
		{26D675D9-47A3-4C12-9995-D06D7D40759E}.Debug|x86.Build.0 = Debug|Any CPU
		{26D675D9-47A3-4C12-9995-D06D7D40759E}.Release|Any CPU.ActiveCfg = Release|Any CPU
		{26D675D9-47A3-4C12-9995-D06D7D40759E}.Release|Any CPU.Build.0 = Release|Any CPU
		{26D675D9-47A3-4C12-9995-D06D7D40759E}.Release|x86.ActiveCfg = Release|Any CPU
		{26D675D9-47A3-4C12-9995-D06D7D40759E}.Release|x86.Build.0 = Release|Any CPU
		{A946E686-B0BF-46F4-B708-A04E38F18C05}.Debug|Any CPU.ActiveCfg = Debug|Any CPU
		{A946E686-B0BF-46F4-B708-A04E38F18C05}.Debug|Any CPU.Build.0 = Debug|Any CPU
		{A946E686-B0BF-46F4-B708-A04E38F18C05}.Debug|x86.ActiveCfg = Debug|Any CPU
		{A946E686-B0BF-46F4-B708-A04E38F18C05}.Debug|x86.Build.0 = Debug|Any CPU
		{A946E686-B0BF-46F4-B708-A04E38F18C05}.Release|Any CPU.ActiveCfg = Release|Any CPU
		{A946E686-B0BF-46F4-B708-A04E38F18C05}.Release|Any CPU.Build.0 = Release|Any CPU
		{A946E686-B0BF-46F4-B708-A04E38F18C05}.Release|x86.ActiveCfg = Release|Any CPU
		{A946E686-B0BF-46F4-B708-A04E38F18C05}.Release|x86.Build.0 = Release|Any CPU
		{56270AC4-1DD5-4E40-AF70-FA2B4C7FC04A}.Debug|Any CPU.ActiveCfg = Debug|Any CPU
		{56270AC4-1DD5-4E40-AF70-FA2B4C7FC04A}.Debug|Any CPU.Build.0 = Debug|Any CPU
		{56270AC4-1DD5-4E40-AF70-FA2B4C7FC04A}.Debug|x86.ActiveCfg = Debug|Any CPU
		{56270AC4-1DD5-4E40-AF70-FA2B4C7FC04A}.Debug|x86.Build.0 = Debug|Any CPU
		{56270AC4-1DD5-4E40-AF70-FA2B4C7FC04A}.Release|Any CPU.ActiveCfg = Release|Any CPU
		{56270AC4-1DD5-4E40-AF70-FA2B4C7FC04A}.Release|Any CPU.Build.0 = Release|Any CPU
		{56270AC4-1DD5-4E40-AF70-FA2B4C7FC04A}.Release|x86.ActiveCfg = Release|Any CPU
		{56270AC4-1DD5-4E40-AF70-FA2B4C7FC04A}.Release|x86.Build.0 = Release|Any CPU
		{5B2EE5F6-8752-41B4-824D-A237CEFAD254}.Debug|Any CPU.ActiveCfg = Debug|Any CPU
		{5B2EE5F6-8752-41B4-824D-A237CEFAD254}.Debug|Any CPU.Build.0 = Debug|Any CPU
		{5B2EE5F6-8752-41B4-824D-A237CEFAD254}.Debug|x86.ActiveCfg = Debug|Any CPU
		{5B2EE5F6-8752-41B4-824D-A237CEFAD254}.Release|Any CPU.ActiveCfg = Release|Any CPU
		{5B2EE5F6-8752-41B4-824D-A237CEFAD254}.Release|Any CPU.Build.0 = Release|Any CPU
		{5B2EE5F6-8752-41B4-824D-A237CEFAD254}.Release|x86.ActiveCfg = Release|Any CPU
		{FFB04D3E-3565-4353-972A-692876835AFC}.Debug|Any CPU.ActiveCfg = Debug|Any CPU
		{FFB04D3E-3565-4353-972A-692876835AFC}.Debug|Any CPU.Build.0 = Debug|Any CPU
		{FFB04D3E-3565-4353-972A-692876835AFC}.Debug|x86.ActiveCfg = Debug|Any CPU
		{FFB04D3E-3565-4353-972A-692876835AFC}.Debug|x86.Build.0 = Debug|Any CPU
		{FFB04D3E-3565-4353-972A-692876835AFC}.Release|Any CPU.ActiveCfg = Release|Any CPU
		{FFB04D3E-3565-4353-972A-692876835AFC}.Release|Any CPU.Build.0 = Release|Any CPU
		{FFB04D3E-3565-4353-972A-692876835AFC}.Release|x86.ActiveCfg = Release|Any CPU
		{FFB04D3E-3565-4353-972A-692876835AFC}.Release|x86.Build.0 = Release|Any CPU
		{754F1969-9812-4841-86B0-7888AC9F8C6D}.Debug|Any CPU.ActiveCfg = Debug|Any CPU
		{754F1969-9812-4841-86B0-7888AC9F8C6D}.Debug|Any CPU.Build.0 = Debug|Any CPU
		{754F1969-9812-4841-86B0-7888AC9F8C6D}.Debug|x86.ActiveCfg = Debug|Any CPU
		{754F1969-9812-4841-86B0-7888AC9F8C6D}.Debug|x86.Build.0 = Debug|Any CPU
		{754F1969-9812-4841-86B0-7888AC9F8C6D}.Release|Any CPU.ActiveCfg = Release|Any CPU
		{754F1969-9812-4841-86B0-7888AC9F8C6D}.Release|Any CPU.Build.0 = Release|Any CPU
		{754F1969-9812-4841-86B0-7888AC9F8C6D}.Release|x86.ActiveCfg = Release|Any CPU
		{754F1969-9812-4841-86B0-7888AC9F8C6D}.Release|x86.Build.0 = Release|Any CPU
		{F4469D6C-4105-4525-BBB1-3430966888A6}.Debug|Any CPU.ActiveCfg = Debug|Any CPU
		{F4469D6C-4105-4525-BBB1-3430966888A6}.Debug|Any CPU.Build.0 = Debug|Any CPU
		{F4469D6C-4105-4525-BBB1-3430966888A6}.Debug|x86.ActiveCfg = Debug|Any CPU
		{F4469D6C-4105-4525-BBB1-3430966888A6}.Debug|x86.Build.0 = Debug|Any CPU
		{F4469D6C-4105-4525-BBB1-3430966888A6}.Release|Any CPU.ActiveCfg = Release|Any CPU
		{F4469D6C-4105-4525-BBB1-3430966888A6}.Release|Any CPU.Build.0 = Release|Any CPU
		{F4469D6C-4105-4525-BBB1-3430966888A6}.Release|x86.ActiveCfg = Release|Any CPU
		{F4469D6C-4105-4525-BBB1-3430966888A6}.Release|x86.Build.0 = Release|Any CPU
		{B7EF8EB8-C7AA-4C9B-87F3-E82F7C76DB9F}.Debug|Any CPU.ActiveCfg = Debug|Any CPU
		{B7EF8EB8-C7AA-4C9B-87F3-E82F7C76DB9F}.Debug|Any CPU.Build.0 = Debug|Any CPU
		{B7EF8EB8-C7AA-4C9B-87F3-E82F7C76DB9F}.Debug|x86.ActiveCfg = Debug|Any CPU
		{B7EF8EB8-C7AA-4C9B-87F3-E82F7C76DB9F}.Debug|x86.Build.0 = Debug|Any CPU
		{B7EF8EB8-C7AA-4C9B-87F3-E82F7C76DB9F}.Release|Any CPU.ActiveCfg = Release|Any CPU
		{B7EF8EB8-C7AA-4C9B-87F3-E82F7C76DB9F}.Release|Any CPU.Build.0 = Release|Any CPU
		{B7EF8EB8-C7AA-4C9B-87F3-E82F7C76DB9F}.Release|x86.ActiveCfg = Release|Any CPU
		{B7EF8EB8-C7AA-4C9B-87F3-E82F7C76DB9F}.Release|x86.Build.0 = Release|Any CPU
		{B16E8142-005B-4A46-904D-E9D2866948D5}.Debug|Any CPU.ActiveCfg = Debug|Any CPU
		{B16E8142-005B-4A46-904D-E9D2866948D5}.Debug|Any CPU.Build.0 = Debug|Any CPU
		{B16E8142-005B-4A46-904D-E9D2866948D5}.Debug|x86.ActiveCfg = Debug|Any CPU
		{B16E8142-005B-4A46-904D-E9D2866948D5}.Debug|x86.Build.0 = Debug|Any CPU
		{B16E8142-005B-4A46-904D-E9D2866948D5}.Release|Any CPU.ActiveCfg = Release|Any CPU
		{B16E8142-005B-4A46-904D-E9D2866948D5}.Release|Any CPU.Build.0 = Release|Any CPU
		{B16E8142-005B-4A46-904D-E9D2866948D5}.Release|x86.ActiveCfg = Release|Any CPU
		{B16E8142-005B-4A46-904D-E9D2866948D5}.Release|x86.Build.0 = Release|Any CPU
		{A9F67D75-44D2-4223-9690-8CF4730419C0}.Debug|Any CPU.ActiveCfg = Debug|Any CPU
		{A9F67D75-44D2-4223-9690-8CF4730419C0}.Debug|Any CPU.Build.0 = Debug|Any CPU
		{A9F67D75-44D2-4223-9690-8CF4730419C0}.Debug|x86.ActiveCfg = Debug|Any CPU
		{A9F67D75-44D2-4223-9690-8CF4730419C0}.Debug|x86.Build.0 = Debug|Any CPU
		{A9F67D75-44D2-4223-9690-8CF4730419C0}.Release|Any CPU.ActiveCfg = Release|Any CPU
		{A9F67D75-44D2-4223-9690-8CF4730419C0}.Release|Any CPU.Build.0 = Release|Any CPU
		{A9F67D75-44D2-4223-9690-8CF4730419C0}.Release|x86.ActiveCfg = Release|Any CPU
		{A9F67D75-44D2-4223-9690-8CF4730419C0}.Release|x86.Build.0 = Release|Any CPU
		{2DAD561D-0E91-41AA-BB13-051F5D97A411}.Debug|Any CPU.ActiveCfg = Debug|Any CPU
		{2DAD561D-0E91-41AA-BB13-051F5D97A411}.Debug|Any CPU.Build.0 = Debug|Any CPU
		{2DAD561D-0E91-41AA-BB13-051F5D97A411}.Debug|x86.ActiveCfg = Debug|Any CPU
		{2DAD561D-0E91-41AA-BB13-051F5D97A411}.Debug|x86.Build.0 = Debug|Any CPU
		{2DAD561D-0E91-41AA-BB13-051F5D97A411}.Release|Any CPU.ActiveCfg = Release|Any CPU
		{2DAD561D-0E91-41AA-BB13-051F5D97A411}.Release|Any CPU.Build.0 = Release|Any CPU
		{2DAD561D-0E91-41AA-BB13-051F5D97A411}.Release|x86.ActiveCfg = Release|Any CPU
		{2DAD561D-0E91-41AA-BB13-051F5D97A411}.Release|x86.Build.0 = Release|Any CPU
		{64765942-D9D4-498E-8E0B-B248B532E733}.Debug|Any CPU.ActiveCfg = Debug|Any CPU
		{64765942-D9D4-498E-8E0B-B248B532E733}.Debug|Any CPU.Build.0 = Debug|Any CPU
		{64765942-D9D4-498E-8E0B-B248B532E733}.Debug|x86.ActiveCfg = Debug|Any CPU
		{64765942-D9D4-498E-8E0B-B248B532E733}.Debug|x86.Build.0 = Debug|Any CPU
		{64765942-D9D4-498E-8E0B-B248B532E733}.Release|Any CPU.ActiveCfg = Release|Any CPU
		{64765942-D9D4-498E-8E0B-B248B532E733}.Release|Any CPU.Build.0 = Release|Any CPU
		{64765942-D9D4-498E-8E0B-B248B532E733}.Release|x86.ActiveCfg = Release|Any CPU
		{64765942-D9D4-498E-8E0B-B248B532E733}.Release|x86.Build.0 = Release|Any CPU
		{C4FFAFD9-DA97-4E00-A805-3914E1A6F0F8}.Debug|Any CPU.ActiveCfg = Debug|Any CPU
		{C4FFAFD9-DA97-4E00-A805-3914E1A6F0F8}.Debug|Any CPU.Build.0 = Debug|Any CPU
		{C4FFAFD9-DA97-4E00-A805-3914E1A6F0F8}.Debug|x86.ActiveCfg = Debug|Any CPU
		{C4FFAFD9-DA97-4E00-A805-3914E1A6F0F8}.Debug|x86.Build.0 = Debug|Any CPU
		{C4FFAFD9-DA97-4E00-A805-3914E1A6F0F8}.Release|Any CPU.ActiveCfg = Release|Any CPU
		{C4FFAFD9-DA97-4E00-A805-3914E1A6F0F8}.Release|Any CPU.Build.0 = Release|Any CPU
		{C4FFAFD9-DA97-4E00-A805-3914E1A6F0F8}.Release|x86.ActiveCfg = Release|Any CPU
		{C4FFAFD9-DA97-4E00-A805-3914E1A6F0F8}.Release|x86.Build.0 = Release|Any CPU
		{678607E9-6FF5-4A92-8C82-436313CCE01E}.Debug|Any CPU.ActiveCfg = Debug|Any CPU
		{678607E9-6FF5-4A92-8C82-436313CCE01E}.Debug|Any CPU.Build.0 = Debug|Any CPU
		{678607E9-6FF5-4A92-8C82-436313CCE01E}.Debug|x86.ActiveCfg = Debug|Any CPU
		{678607E9-6FF5-4A92-8C82-436313CCE01E}.Debug|x86.Build.0 = Debug|Any CPU
		{678607E9-6FF5-4A92-8C82-436313CCE01E}.Release|Any CPU.ActiveCfg = Release|Any CPU
		{678607E9-6FF5-4A92-8C82-436313CCE01E}.Release|Any CPU.Build.0 = Release|Any CPU
		{678607E9-6FF5-4A92-8C82-436313CCE01E}.Release|x86.ActiveCfg = Release|Any CPU
		{678607E9-6FF5-4A92-8C82-436313CCE01E}.Release|x86.Build.0 = Release|Any CPU
		{81FD0DEA-C02F-4D88-A05E-D0184BE8BA98}.Debug|Any CPU.ActiveCfg = Debug|Any CPU
		{81FD0DEA-C02F-4D88-A05E-D0184BE8BA98}.Debug|Any CPU.Build.0 = Debug|Any CPU
		{81FD0DEA-C02F-4D88-A05E-D0184BE8BA98}.Debug|x86.ActiveCfg = Debug|Any CPU
		{81FD0DEA-C02F-4D88-A05E-D0184BE8BA98}.Debug|x86.Build.0 = Debug|Any CPU
		{81FD0DEA-C02F-4D88-A05E-D0184BE8BA98}.Release|Any CPU.ActiveCfg = Release|Any CPU
		{81FD0DEA-C02F-4D88-A05E-D0184BE8BA98}.Release|Any CPU.Build.0 = Release|Any CPU
		{81FD0DEA-C02F-4D88-A05E-D0184BE8BA98}.Release|x86.ActiveCfg = Release|Any CPU
		{81FD0DEA-C02F-4D88-A05E-D0184BE8BA98}.Release|x86.Build.0 = Release|Any CPU
		{36EBF45B-EEF8-4F94-AA2A-27FB92F212CC}.Debug|Any CPU.ActiveCfg = Debug|Any CPU
		{36EBF45B-EEF8-4F94-AA2A-27FB92F212CC}.Debug|Any CPU.Build.0 = Debug|Any CPU
		{36EBF45B-EEF8-4F94-AA2A-27FB92F212CC}.Debug|x86.ActiveCfg = Debug|Any CPU
		{36EBF45B-EEF8-4F94-AA2A-27FB92F212CC}.Debug|x86.Build.0 = Debug|Any CPU
		{36EBF45B-EEF8-4F94-AA2A-27FB92F212CC}.Release|Any CPU.ActiveCfg = Release|Any CPU
		{36EBF45B-EEF8-4F94-AA2A-27FB92F212CC}.Release|Any CPU.Build.0 = Release|Any CPU
		{36EBF45B-EEF8-4F94-AA2A-27FB92F212CC}.Release|x86.ActiveCfg = Release|Any CPU
		{36EBF45B-EEF8-4F94-AA2A-27FB92F212CC}.Release|x86.Build.0 = Release|Any CPU
		{F97470A1-B857-4228-8030-9EC821540B8C}.Debug|Any CPU.ActiveCfg = Debug|Any CPU
		{F97470A1-B857-4228-8030-9EC821540B8C}.Debug|Any CPU.Build.0 = Debug|Any CPU
		{F97470A1-B857-4228-8030-9EC821540B8C}.Debug|x86.ActiveCfg = Debug|Any CPU
		{F97470A1-B857-4228-8030-9EC821540B8C}.Debug|x86.Build.0 = Debug|Any CPU
		{F97470A1-B857-4228-8030-9EC821540B8C}.Release|Any CPU.ActiveCfg = Release|Any CPU
		{F97470A1-B857-4228-8030-9EC821540B8C}.Release|Any CPU.Build.0 = Release|Any CPU
		{F97470A1-B857-4228-8030-9EC821540B8C}.Release|x86.ActiveCfg = Release|Any CPU
		{F97470A1-B857-4228-8030-9EC821540B8C}.Release|x86.Build.0 = Release|Any CPU
		{C20CBBE2-D33E-4E6B-B8A1-3FE0DA64E1AA}.Debug|Any CPU.ActiveCfg = Debug|Any CPU
		{C20CBBE2-D33E-4E6B-B8A1-3FE0DA64E1AA}.Debug|Any CPU.Build.0 = Debug|Any CPU
		{C20CBBE2-D33E-4E6B-B8A1-3FE0DA64E1AA}.Debug|x86.ActiveCfg = Debug|x86
		{C20CBBE2-D33E-4E6B-B8A1-3FE0DA64E1AA}.Debug|x86.Build.0 = Debug|x86
		{C20CBBE2-D33E-4E6B-B8A1-3FE0DA64E1AA}.Release|Any CPU.ActiveCfg = Release|Any CPU
		{C20CBBE2-D33E-4E6B-B8A1-3FE0DA64E1AA}.Release|Any CPU.Build.0 = Release|Any CPU
		{C20CBBE2-D33E-4E6B-B8A1-3FE0DA64E1AA}.Release|x86.ActiveCfg = Release|x86
		{C20CBBE2-D33E-4E6B-B8A1-3FE0DA64E1AA}.Release|x86.Build.0 = Release|x86
		{1C65CB27-A69A-4826-BB7E-6CEC1B842CF6}.Debug|Any CPU.ActiveCfg = Debug|Any CPU
		{1C65CB27-A69A-4826-BB7E-6CEC1B842CF6}.Debug|Any CPU.Build.0 = Debug|Any CPU
		{1C65CB27-A69A-4826-BB7E-6CEC1B842CF6}.Debug|x86.ActiveCfg = Debug|Any CPU
		{1C65CB27-A69A-4826-BB7E-6CEC1B842CF6}.Debug|x86.Build.0 = Debug|Any CPU
		{1C65CB27-A69A-4826-BB7E-6CEC1B842CF6}.Release|Any CPU.ActiveCfg = Release|Any CPU
		{1C65CB27-A69A-4826-BB7E-6CEC1B842CF6}.Release|Any CPU.Build.0 = Release|Any CPU
		{1C65CB27-A69A-4826-BB7E-6CEC1B842CF6}.Release|x86.ActiveCfg = Release|Any CPU
		{1C65CB27-A69A-4826-BB7E-6CEC1B842CF6}.Release|x86.Build.0 = Release|Any CPU
		{2B2D1C94-EFCB-45D2-A383-78CAB4985B4F}.Debug|Any CPU.ActiveCfg = Debug|Any CPU
		{2B2D1C94-EFCB-45D2-A383-78CAB4985B4F}.Debug|Any CPU.Build.0 = Debug|Any CPU
		{2B2D1C94-EFCB-45D2-A383-78CAB4985B4F}.Debug|x86.ActiveCfg = Debug|Any CPU
		{2B2D1C94-EFCB-45D2-A383-78CAB4985B4F}.Debug|x86.Build.0 = Debug|Any CPU
		{2B2D1C94-EFCB-45D2-A383-78CAB4985B4F}.Release|Any CPU.ActiveCfg = Release|Any CPU
		{2B2D1C94-EFCB-45D2-A383-78CAB4985B4F}.Release|Any CPU.Build.0 = Release|Any CPU
		{2B2D1C94-EFCB-45D2-A383-78CAB4985B4F}.Release|x86.ActiveCfg = Release|Any CPU
		{2B2D1C94-EFCB-45D2-A383-78CAB4985B4F}.Release|x86.Build.0 = Release|Any CPU
	EndGlobalSection
	GlobalSection(SolutionProperties) = preSolution
		HideSolutionNode = FALSE
	EndGlobalSection
	GlobalSection(ExtensibilityGlobals) = postSolution
		SolutionGuid = {678566D8-EEFE-4E23-AD46-716E0218FED5}
	EndGlobalSection
EndGlobal
