
Microsoft Visual Studio Solution File, Format Version 12.00
# Visual Studio Version 16
VisualStudioVersion = 16.0.31911.196
MinimumVisualStudioVersion = 10.0.40219.1
Project("{9A19103F-16F7-4668-BE54-9A1E7A4F7556}") = "MediaStreamer.WPF.NetCore3.1", "..\MediaStreamer.WPF.NetCore3.1\MediaStreamer.WPF.NetCore3.1.csproj", "{0718A214-46D1-483E-B2CE-5F33FC97E740}"
EndProject
Project("{9A19103F-16F7-4668-BE54-9A1E7A4F7556}") = "MediaStreamer.WPF.EventAction", "..\MediaStreamer.WPF.EventAction\MediaStreamer.WPF.EventAction.csproj", "{461A676C-E7B5-44AB-9F1D-5D543E8E35DC}"
EndProject
Project("{9A19103F-16F7-4668-BE54-9A1E7A4F7556}") = "LinqExtensions", "..\LinqExtensions\LinqExtensions.csproj", "{92AA9FF7-3187-4AA8-B3D4-CF2604D32B72}"
EndProject
Project("{9A19103F-16F7-4668-BE54-9A1E7A4F7556}") = "MediaStreamer.Domain", "..\MediaStreamer.Domain\MediaStreamer.Domain.csproj", "{09A91BD6-A533-4945-B834-728A1A326085}"
EndProject
Project("{9A19103F-16F7-4668-BE54-9A1E7A4F7556}") = "MediaStreamer.IO", "..\MediaStreamer.IO\MediaStreamer.IO.csproj", "{E3701804-DB44-4DDF-A0B7-AC9F6A6D05E7}"
EndProject
Project("{FAE04EC0-301F-11D3-BF4B-00C04F79EFBC}") = "MediaStreamer.WPF.Net40", "..\MediaStreamer.WPF.Net40\MediaStreamer.WPF.Net40.csproj", "{E8832C35-876C-4776-BE27-1B034C5FCA3E}"
EndProject
Project("{9A19103F-16F7-4668-BE54-9A1E7A4F7556}") = "MediaStreamer.TagEditor", "..\MediaStreamer.TagEditor\MediaStreamer.TagEditor.csproj", "{0F66C265-9312-4EBE-A624-295AE9178F67}"
EndProject
Project("{9A19103F-16F7-4668-BE54-9A1E7A4F7556}") = "MediaStreamer.WPF.Components", "MediaStreamer.WPF.Components.csproj", "{A2A51AFD-641C-4170-812D-A6E029772454}"
EndProject
Project("{FAE04EC0-301F-11D3-BF4B-00C04F79EFBC}") = "MediaStreamer.DataAccess.Net40", "..\MediaStreamer.DataAccess.Net40\MediaStreamer.DataAccess.Net40.csproj", "{55EBA084-29F7-4DCD-9D0C-67FA7E16A020}"
EndProject
Project("{9A19103F-16F7-4668-BE54-9A1E7A4F7556}") = "MediaStreamer.DataAccess.NetStandard", "..\MediaStreamer.DataAccess.NetStandard\MediaStreamer.DataAccess.NetStandard.csproj", "{26D675D9-47A3-4C12-9995-D06D7D40759E}"
EndProject
Project("{9A19103F-16F7-4668-BE54-9A1E7A4F7556}") = "MediaStreamer.RAMControl", "..\MediaStreamer.RAMControl\MediaStreamer.RAMControl.csproj", "{02D2CD70-5DEE-440D-B6C4-74AAC25C47C6}"
EndProject
Project("{9A19103F-16F7-4668-BE54-9A1E7A4F7556}") = "MediaStreamer.Exceptions", "..\MediaStreamer.Exceptions\MediaStreamer.Exceptions.csproj", "{A8A140AB-3F38-49EC-B113-0015A3625A1F}"
EndProject
Project("{FAE04EC0-301F-11D3-BF4B-00C04F79EFBC}") = "MediaStreamer.GTK", "..\MediaStreamer.GTK\MediaStreamer.GTK.csproj", "{89BFD384-CF96-464B-9F07-17C414308BF8}"
EndProject
Project("{9A19103F-16F7-4668-BE54-9A1E7A4F7556}") = "DMXamarin", "..\MediaStreamer.Xamarin\DMXamarin\DMXamarin.csproj", "{3AE8BECE-9F70-401F-9A9B-0F19D2181C9E}"
EndProject
Project("{9A19103F-16F7-4668-BE54-9A1E7A4F7556}") = "MediaStreamer.WebApplication", "..\MediaStreamer.WebApplication\MediaStreamer.WebApplication.csproj", "{000F828B-ECE2-44DD-AECC-86EBAFA1F4F2}"
EndProject
Project("{9A19103F-16F7-4668-BE54-9A1E7A4F7556}") = "Plugin.FilePicker", "..\..\XamarinFilePicker\FilePicker-Plugin-for-Xamarin-and-Windows\src\Plugin.FilePicker\Plugin.FilePicker.csproj", "{A946E686-B0BF-46F4-B708-A04E38F18C05}"
EndProject
Project("{FAE04EC0-301F-11D3-BF4B-00C04F79EFBC}") = "MediaStreamer.DMRepository", "C:\Users\Sealkeen\Documents\VCSharp\MediaStreamer\FirstFMCourse_Backup_3.1\DataBaseResource\MediaStreamer.DMRepository.csproj", "{E82A6EE7-B477-4AC3-9DE2-6CE77BB2DEE2}"
EndProject
Project("{9A19103F-16F7-4668-BE54-9A1E7A4F7556}") = "Tickets.Web.Core", "..\..\Tickets\Tickets.Web.Core\Tickets.Web.Core.csproj", "{9D6072C7-6E63-483E-BDAC-57943FB772E1}"
EndProject
Project("{9A19103F-16F7-4668-BE54-9A1E7A4F7556}") = "MediaStreamer.Web.Api", "..\MediaStreamer.Web.Api\MediaStreamer.Web.Api.csproj", "{B6990867-FE2F-4E55-A639-3D9F0086B18D}"
EndProject
Project("{9A19103F-16F7-4668-BE54-9A1E7A4F7556}") = "MediaStreamer.Net40.UnitTests", "..\MediaStreamer.Net40.UnitTests\MediaStreamer.Net40.UnitTests.csproj", "{56270AC4-1DD5-4E40-AF70-FA2B4C7FC04A}"
EndProject
Project("{9A19103F-16F7-4668-BE54-9A1E7A4F7556}") = "Plugin.FilePicker.Net40", "..\..\XamarinFilePicker\FilePicker-Plugin-for-Xamarin-and-Windows\src\Plugin.FilePicker\Plugin.FilePicker.Net40.csproj", "{5B2EE5F6-8752-41B4-824D-A237CEFAD254}"
EndProject
Project("{9A19103F-16F7-4668-BE54-9A1E7A4F7556}") = "MediaStreamer.TagEditor.UnitTests", "..\MediaStreamer.TagEditor.UnitTests\MediaStreamer.TagEditor.UnitTests.csproj", "{FFB04D3E-3565-4353-972A-692876835AFC}"
EndProject
Project("{9A19103F-16F7-4668-BE54-9A1E7A4F7556}") = "MediaStreamer.NetCoreApp.UnitTests", "..\MediaStreamer.NetCoreApp.UnitTests\MediaStreamer.NetCoreApp.UnitTests.csproj", "{754F1969-9812-4841-86B0-7888AC9F8C6D}"
EndProject
Project("{9A19103F-16F7-4668-BE54-9A1E7A4F7556}") = "MediaStreamer.DataAccess.CrossPlatform", "..\MediaStreamer.DataAccess.CrossPlatform\MediaStreamer.DataAccess.CrossPlatform.csproj", "{F4469D6C-4105-4525-BBB1-3430966888A6}"
EndProject
Global
	GlobalSection(SolutionConfigurationPlatforms) = preSolution
		Debug|Any CPU = Debug|Any CPU
		Debug|x86 = Debug|x86
		Release|Any CPU = Release|Any CPU
		Release|x86 = Release|x86
	EndGlobalSection
	GlobalSection(ProjectConfigurationPlatforms) = postSolution
		{0718A214-46D1-483E-B2CE-5F33FC97E740}.Debug|Any CPU.ActiveCfg = Debug|Any CPU
		{0718A214-46D1-483E-B2CE-5F33FC97E740}.Debug|Any CPU.Build.0 = Debug|Any CPU
		{0718A214-46D1-483E-B2CE-5F33FC97E740}.Debug|x86.ActiveCfg = Debug|x86
		{0718A214-46D1-483E-B2CE-5F33FC97E740}.Debug|x86.Build.0 = Debug|x86
		{0718A214-46D1-483E-B2CE-5F33FC97E740}.Release|Any CPU.ActiveCfg = Release|Any CPU
		{0718A214-46D1-483E-B2CE-5F33FC97E740}.Release|Any CPU.Build.0 = Release|Any CPU
		{0718A214-46D1-483E-B2CE-5F33FC97E740}.Release|x86.ActiveCfg = Release|x86
		{0718A214-46D1-483E-B2CE-5F33FC97E740}.Release|x86.Build.0 = Release|x86
		{461A676C-E7B5-44AB-9F1D-5D543E8E35DC}.Debug|Any CPU.ActiveCfg = Debug|Any CPU
		{461A676C-E7B5-44AB-9F1D-5D543E8E35DC}.Debug|Any CPU.Build.0 = Debug|Any CPU
		{461A676C-E7B5-44AB-9F1D-5D543E8E35DC}.Debug|x86.ActiveCfg = Debug|x86
		{461A676C-E7B5-44AB-9F1D-5D543E8E35DC}.Debug|x86.Build.0 = Debug|x86
		{461A676C-E7B5-44AB-9F1D-5D543E8E35DC}.Release|Any CPU.ActiveCfg = Release|Any CPU
		{461A676C-E7B5-44AB-9F1D-5D543E8E35DC}.Release|Any CPU.Build.0 = Release|Any CPU
		{461A676C-E7B5-44AB-9F1D-5D543E8E35DC}.Release|x86.ActiveCfg = Release|x86
		{461A676C-E7B5-44AB-9F1D-5D543E8E35DC}.Release|x86.Build.0 = Release|x86
		{92AA9FF7-3187-4AA8-B3D4-CF2604D32B72}.Debug|Any CPU.ActiveCfg = Debug|Any CPU
		{92AA9FF7-3187-4AA8-B3D4-CF2604D32B72}.Debug|Any CPU.Build.0 = Debug|Any CPU
		{92AA9FF7-3187-4AA8-B3D4-CF2604D32B72}.Debug|x86.ActiveCfg = Debug|Any CPU
		{92AA9FF7-3187-4AA8-B3D4-CF2604D32B72}.Debug|x86.Build.0 = Debug|Any CPU
		{92AA9FF7-3187-4AA8-B3D4-CF2604D32B72}.Release|Any CPU.ActiveCfg = Release|Any CPU
		{92AA9FF7-3187-4AA8-B3D4-CF2604D32B72}.Release|Any CPU.Build.0 = Release|Any CPU
		{92AA9FF7-3187-4AA8-B3D4-CF2604D32B72}.Release|x86.ActiveCfg = Release|Any CPU
		{92AA9FF7-3187-4AA8-B3D4-CF2604D32B72}.Release|x86.Build.0 = Release|Any CPU
		{09A91BD6-A533-4945-B834-728A1A326085}.Debug|Any CPU.ActiveCfg = Debug|Any CPU
		{09A91BD6-A533-4945-B834-728A1A326085}.Debug|Any CPU.Build.0 = Debug|Any CPU
		{09A91BD6-A533-4945-B834-728A1A326085}.Debug|x86.ActiveCfg = Debug|Any CPU
		{09A91BD6-A533-4945-B834-728A1A326085}.Debug|x86.Build.0 = Debug|Any CPU
		{09A91BD6-A533-4945-B834-728A1A326085}.Release|Any CPU.ActiveCfg = Release|Any CPU
		{09A91BD6-A533-4945-B834-728A1A326085}.Release|Any CPU.Build.0 = Release|Any CPU
		{09A91BD6-A533-4945-B834-728A1A326085}.Release|x86.ActiveCfg = Release|Any CPU
		{09A91BD6-A533-4945-B834-728A1A326085}.Release|x86.Build.0 = Release|Any CPU
		{E3701804-DB44-4DDF-A0B7-AC9F6A6D05E7}.Debug|Any CPU.ActiveCfg = Debug|Any CPU
		{E3701804-DB44-4DDF-A0B7-AC9F6A6D05E7}.Debug|Any CPU.Build.0 = Debug|Any CPU
		{E3701804-DB44-4DDF-A0B7-AC9F6A6D05E7}.Debug|x86.ActiveCfg = Debug|Any CPU
		{E3701804-DB44-4DDF-A0B7-AC9F6A6D05E7}.Debug|x86.Build.0 = Debug|Any CPU
		{E3701804-DB44-4DDF-A0B7-AC9F6A6D05E7}.Release|Any CPU.ActiveCfg = Release|Any CPU
		{E3701804-DB44-4DDF-A0B7-AC9F6A6D05E7}.Release|Any CPU.Build.0 = Release|Any CPU
		{E3701804-DB44-4DDF-A0B7-AC9F6A6D05E7}.Release|x86.ActiveCfg = Release|Any CPU
		{E3701804-DB44-4DDF-A0B7-AC9F6A6D05E7}.Release|x86.Build.0 = Release|Any CPU
		{E8832C35-876C-4776-BE27-1B034C5FCA3E}.Debug|Any CPU.ActiveCfg = Debug|Any CPU
		{E8832C35-876C-4776-BE27-1B034C5FCA3E}.Debug|Any CPU.Build.0 = Debug|Any CPU
		{E8832C35-876C-4776-BE27-1B034C5FCA3E}.Debug|x86.ActiveCfg = Debug|Any CPU
		{E8832C35-876C-4776-BE27-1B034C5FCA3E}.Debug|x86.Build.0 = Debug|Any CPU
		{E8832C35-876C-4776-BE27-1B034C5FCA3E}.Release|Any CPU.ActiveCfg = Release|Any CPU
		{E8832C35-876C-4776-BE27-1B034C5FCA3E}.Release|Any CPU.Build.0 = Release|Any CPU
		{E8832C35-876C-4776-BE27-1B034C5FCA3E}.Release|x86.ActiveCfg = Release|Any CPU
		{E8832C35-876C-4776-BE27-1B034C5FCA3E}.Release|x86.Build.0 = Release|Any CPU
		{0F66C265-9312-4EBE-A624-295AE9178F67}.Debug|Any CPU.ActiveCfg = Debug|Any CPU
		{0F66C265-9312-4EBE-A624-295AE9178F67}.Debug|Any CPU.Build.0 = Debug|Any CPU
		{0F66C265-9312-4EBE-A624-295AE9178F67}.Debug|x86.ActiveCfg = Debug|Any CPU
		{0F66C265-9312-4EBE-A624-295AE9178F67}.Debug|x86.Build.0 = Debug|Any CPU
		{0F66C265-9312-4EBE-A624-295AE9178F67}.Release|Any CPU.ActiveCfg = Release|Any CPU
		{0F66C265-9312-4EBE-A624-295AE9178F67}.Release|Any CPU.Build.0 = Release|Any CPU
		{0F66C265-9312-4EBE-A624-295AE9178F67}.Release|x86.ActiveCfg = Release|Any CPU
		{0F66C265-9312-4EBE-A624-295AE9178F67}.Release|x86.Build.0 = Release|Any CPU
		{A2A51AFD-641C-4170-812D-A6E029772454}.Debug|Any CPU.ActiveCfg = Debug|Any CPU
		{A2A51AFD-641C-4170-812D-A6E029772454}.Debug|Any CPU.Build.0 = Debug|Any CPU
		{A2A51AFD-641C-4170-812D-A6E029772454}.Debug|x86.ActiveCfg = Debug|Any CPU
		{A2A51AFD-641C-4170-812D-A6E029772454}.Debug|x86.Build.0 = Debug|Any CPU
		{A2A51AFD-641C-4170-812D-A6E029772454}.Release|Any CPU.ActiveCfg = Release|Any CPU
		{A2A51AFD-641C-4170-812D-A6E029772454}.Release|Any CPU.Build.0 = Release|Any CPU
		{A2A51AFD-641C-4170-812D-A6E029772454}.Release|x86.ActiveCfg = Release|Any CPU
		{A2A51AFD-641C-4170-812D-A6E029772454}.Release|x86.Build.0 = Release|Any CPU
		{55EBA084-29F7-4DCD-9D0C-67FA7E16A020}.Debug|Any CPU.ActiveCfg = Debug|Any CPU
		{55EBA084-29F7-4DCD-9D0C-67FA7E16A020}.Debug|Any CPU.Build.0 = Debug|Any CPU
		{55EBA084-29F7-4DCD-9D0C-67FA7E16A020}.Debug|x86.ActiveCfg = Debug|Any CPU
		{55EBA084-29F7-4DCD-9D0C-67FA7E16A020}.Debug|x86.Build.0 = Debug|Any CPU
		{55EBA084-29F7-4DCD-9D0C-67FA7E16A020}.Release|Any CPU.ActiveCfg = Release|Any CPU
		{55EBA084-29F7-4DCD-9D0C-67FA7E16A020}.Release|Any CPU.Build.0 = Release|Any CPU
		{55EBA084-29F7-4DCD-9D0C-67FA7E16A020}.Release|x86.ActiveCfg = Release|Any CPU
		{55EBA084-29F7-4DCD-9D0C-67FA7E16A020}.Release|x86.Build.0 = Release|Any CPU
		{26D675D9-47A3-4C12-9995-D06D7D40759E}.Debug|Any CPU.ActiveCfg = Debug|Any CPU
		{26D675D9-47A3-4C12-9995-D06D7D40759E}.Debug|Any CPU.Build.0 = Debug|Any CPU
		{26D675D9-47A3-4C12-9995-D06D7D40759E}.Debug|x86.ActiveCfg = Debug|Any CPU
		{26D675D9-47A3-4C12-9995-D06D7D40759E}.Debug|x86.Build.0 = Debug|Any CPU
		{26D675D9-47A3-4C12-9995-D06D7D40759E}.Release|Any CPU.ActiveCfg = Release|Any CPU
		{26D675D9-47A3-4C12-9995-D06D7D40759E}.Release|Any CPU.Build.0 = Release|Any CPU
		{26D675D9-47A3-4C12-9995-D06D7D40759E}.Release|x86.ActiveCfg = Release|Any CPU
		{26D675D9-47A3-4C12-9995-D06D7D40759E}.Release|x86.Build.0 = Release|Any CPU
		{02D2CD70-5DEE-440D-B6C4-74AAC25C47C6}.Debug|Any CPU.ActiveCfg = Debug|Any CPU
		{02D2CD70-5DEE-440D-B6C4-74AAC25C47C6}.Debug|Any CPU.Build.0 = Debug|Any CPU
		{02D2CD70-5DEE-440D-B6C4-74AAC25C47C6}.Debug|x86.ActiveCfg = Debug|Any CPU
		{02D2CD70-5DEE-440D-B6C4-74AAC25C47C6}.Debug|x86.Build.0 = Debug|Any CPU
		{02D2CD70-5DEE-440D-B6C4-74AAC25C47C6}.Release|Any CPU.ActiveCfg = Release|Any CPU
		{02D2CD70-5DEE-440D-B6C4-74AAC25C47C6}.Release|Any CPU.Build.0 = Release|Any CPU
		{02D2CD70-5DEE-440D-B6C4-74AAC25C47C6}.Release|x86.ActiveCfg = Release|Any CPU
		{02D2CD70-5DEE-440D-B6C4-74AAC25C47C6}.Release|x86.Build.0 = Release|Any CPU
		{A8A140AB-3F38-49EC-B113-0015A3625A1F}.Debug|Any CPU.ActiveCfg = Debug|Any CPU
		{A8A140AB-3F38-49EC-B113-0015A3625A1F}.Debug|Any CPU.Build.0 = Debug|Any CPU
		{A8A140AB-3F38-49EC-B113-0015A3625A1F}.Debug|x86.ActiveCfg = Debug|Any CPU
		{A8A140AB-3F38-49EC-B113-0015A3625A1F}.Debug|x86.Build.0 = Debug|Any CPU
		{A8A140AB-3F38-49EC-B113-0015A3625A1F}.Release|Any CPU.ActiveCfg = Release|Any CPU
		{A8A140AB-3F38-49EC-B113-0015A3625A1F}.Release|Any CPU.Build.0 = Release|Any CPU
		{A8A140AB-3F38-49EC-B113-0015A3625A1F}.Release|x86.ActiveCfg = Release|Any CPU
		{A8A140AB-3F38-49EC-B113-0015A3625A1F}.Release|x86.Build.0 = Release|Any CPU
		{89BFD384-CF96-464B-9F07-17C414308BF8}.Debug|Any CPU.ActiveCfg = Debug|Any CPU
		{89BFD384-CF96-464B-9F07-17C414308BF8}.Debug|Any CPU.Build.0 = Debug|Any CPU
		{89BFD384-CF96-464B-9F07-17C414308BF8}.Debug|x86.ActiveCfg = Debug|Any CPU
		{89BFD384-CF96-464B-9F07-17C414308BF8}.Release|Any CPU.ActiveCfg = Release|Any CPU
		{89BFD384-CF96-464B-9F07-17C414308BF8}.Release|Any CPU.Build.0 = Release|Any CPU
		{89BFD384-CF96-464B-9F07-17C414308BF8}.Release|x86.ActiveCfg = Release|Any CPU
		{3AE8BECE-9F70-401F-9A9B-0F19D2181C9E}.Debug|Any CPU.ActiveCfg = Debug|Any CPU
		{3AE8BECE-9F70-401F-9A9B-0F19D2181C9E}.Debug|Any CPU.Build.0 = Debug|Any CPU
		{3AE8BECE-9F70-401F-9A9B-0F19D2181C9E}.Debug|x86.ActiveCfg = Debug|Any CPU
		{3AE8BECE-9F70-401F-9A9B-0F19D2181C9E}.Release|Any CPU.ActiveCfg = Release|Any CPU
		{3AE8BECE-9F70-401F-9A9B-0F19D2181C9E}.Release|Any CPU.Build.0 = Release|Any CPU
		{3AE8BECE-9F70-401F-9A9B-0F19D2181C9E}.Release|x86.ActiveCfg = Release|Any CPU
		{000F828B-ECE2-44DD-AECC-86EBAFA1F4F2}.Debug|Any CPU.ActiveCfg = Debug|Any CPU
		{000F828B-ECE2-44DD-AECC-86EBAFA1F4F2}.Debug|Any CPU.Build.0 = Debug|Any CPU
		{000F828B-ECE2-44DD-AECC-86EBAFA1F4F2}.Debug|x86.ActiveCfg = Debug|Any CPU
		{000F828B-ECE2-44DD-AECC-86EBAFA1F4F2}.Debug|x86.Build.0 = Debug|Any CPU
		{000F828B-ECE2-44DD-AECC-86EBAFA1F4F2}.Release|Any CPU.ActiveCfg = Release|Any CPU
		{000F828B-ECE2-44DD-AECC-86EBAFA1F4F2}.Release|Any CPU.Build.0 = Release|Any CPU
		{000F828B-ECE2-44DD-AECC-86EBAFA1F4F2}.Release|x86.ActiveCfg = Release|Any CPU
		{000F828B-ECE2-44DD-AECC-86EBAFA1F4F2}.Release|x86.Build.0 = Release|Any CPU
		{A946E686-B0BF-46F4-B708-A04E38F18C05}.Debug|Any CPU.ActiveCfg = Debug|Any CPU
		{A946E686-B0BF-46F4-B708-A04E38F18C05}.Debug|Any CPU.Build.0 = Debug|Any CPU
		{A946E686-B0BF-46F4-B708-A04E38F18C05}.Debug|x86.ActiveCfg = Debug|Any CPU
		{A946E686-B0BF-46F4-B708-A04E38F18C05}.Debug|x86.Build.0 = Debug|Any CPU
		{A946E686-B0BF-46F4-B708-A04E38F18C05}.Release|Any CPU.ActiveCfg = Release|Any CPU
		{A946E686-B0BF-46F4-B708-A04E38F18C05}.Release|Any CPU.Build.0 = Release|Any CPU
		{A946E686-B0BF-46F4-B708-A04E38F18C05}.Release|x86.ActiveCfg = Release|Any CPU
		{A946E686-B0BF-46F4-B708-A04E38F18C05}.Release|x86.Build.0 = Release|Any CPU
		{E82A6EE7-B477-4AC3-9DE2-6CE77BB2DEE2}.Debug|Any CPU.ActiveCfg = Debug|Any CPU
		{E82A6EE7-B477-4AC3-9DE2-6CE77BB2DEE2}.Debug|Any CPU.Build.0 = Debug|Any CPU
		{E82A6EE7-B477-4AC3-9DE2-6CE77BB2DEE2}.Debug|x86.ActiveCfg = Debug|Any CPU
		{E82A6EE7-B477-4AC3-9DE2-6CE77BB2DEE2}.Release|Any CPU.ActiveCfg = Release|Any CPU
		{E82A6EE7-B477-4AC3-9DE2-6CE77BB2DEE2}.Release|Any CPU.Build.0 = Release|Any CPU
		{E82A6EE7-B477-4AC3-9DE2-6CE77BB2DEE2}.Release|x86.ActiveCfg = Release|Any CPU
		{9D6072C7-6E63-483E-BDAC-57943FB772E1}.Debug|Any CPU.ActiveCfg = Debug|Any CPU
		{9D6072C7-6E63-483E-BDAC-57943FB772E1}.Debug|Any CPU.Build.0 = Debug|Any CPU
		{9D6072C7-6E63-483E-BDAC-57943FB772E1}.Debug|x86.ActiveCfg = Debug|Any CPU
		{9D6072C7-6E63-483E-BDAC-57943FB772E1}.Debug|x86.Build.0 = Debug|Any CPU
		{9D6072C7-6E63-483E-BDAC-57943FB772E1}.Release|Any CPU.ActiveCfg = Release|Any CPU
		{9D6072C7-6E63-483E-BDAC-57943FB772E1}.Release|Any CPU.Build.0 = Release|Any CPU
		{9D6072C7-6E63-483E-BDAC-57943FB772E1}.Release|x86.ActiveCfg = Release|Any CPU
		{9D6072C7-6E63-483E-BDAC-57943FB772E1}.Release|x86.Build.0 = Release|Any CPU
		{B6990867-FE2F-4E55-A639-3D9F0086B18D}.Debug|Any CPU.ActiveCfg = Debug|Any CPU
		{B6990867-FE2F-4E55-A639-3D9F0086B18D}.Debug|Any CPU.Build.0 = Debug|Any CPU
		{B6990867-FE2F-4E55-A639-3D9F0086B18D}.Debug|x86.ActiveCfg = Debug|Any CPU
		{B6990867-FE2F-4E55-A639-3D9F0086B18D}.Debug|x86.Build.0 = Debug|Any CPU
		{B6990867-FE2F-4E55-A639-3D9F0086B18D}.Release|Any CPU.ActiveCfg = Release|Any CPU
		{B6990867-FE2F-4E55-A639-3D9F0086B18D}.Release|Any CPU.Build.0 = Release|Any CPU
		{B6990867-FE2F-4E55-A639-3D9F0086B18D}.Release|x86.ActiveCfg = Release|Any CPU
		{B6990867-FE2F-4E55-A639-3D9F0086B18D}.Release|x86.Build.0 = Release|Any CPU
		{56270AC4-1DD5-4E40-AF70-FA2B4C7FC04A}.Debug|Any CPU.ActiveCfg = Debug|Any CPU
		{56270AC4-1DD5-4E40-AF70-FA2B4C7FC04A}.Debug|Any CPU.Build.0 = Debug|Any CPU
		{56270AC4-1DD5-4E40-AF70-FA2B4C7FC04A}.Debug|x86.ActiveCfg = Debug|Any CPU
		{56270AC4-1DD5-4E40-AF70-FA2B4C7FC04A}.Debug|x86.Build.0 = Debug|Any CPU
		{56270AC4-1DD5-4E40-AF70-FA2B4C7FC04A}.Release|Any CPU.ActiveCfg = Release|Any CPU
		{56270AC4-1DD5-4E40-AF70-FA2B4C7FC04A}.Release|Any CPU.Build.0 = Release|Any CPU
		{56270AC4-1DD5-4E40-AF70-FA2B4C7FC04A}.Release|x86.ActiveCfg = Release|Any CPU
		{56270AC4-1DD5-4E40-AF70-FA2B4C7FC04A}.Release|x86.Build.0 = Release|Any CPU
		{5B2EE5F6-8752-41B4-824D-A237CEFAD254}.Debug|Any CPU.ActiveCfg = Debug|Any CPU
		{5B2EE5F6-8752-41B4-824D-A237CEFAD254}.Debug|Any CPU.Build.0 = Debug|Any CPU
		{5B2EE5F6-8752-41B4-824D-A237CEFAD254}.Debug|x86.ActiveCfg = Debug|Any CPU
		{5B2EE5F6-8752-41B4-824D-A237CEFAD254}.Release|Any CPU.ActiveCfg = Release|Any CPU
		{5B2EE5F6-8752-41B4-824D-A237CEFAD254}.Release|Any CPU.Build.0 = Release|Any CPU
		{5B2EE5F6-8752-41B4-824D-A237CEFAD254}.Release|x86.ActiveCfg = Release|Any CPU
		{FFB04D3E-3565-4353-972A-692876835AFC}.Debug|Any CPU.ActiveCfg = Debug|Any CPU
		{FFB04D3E-3565-4353-972A-692876835AFC}.Debug|Any CPU.Build.0 = Debug|Any CPU
		{FFB04D3E-3565-4353-972A-692876835AFC}.Debug|x86.ActiveCfg = Debug|Any CPU
		{FFB04D3E-3565-4353-972A-692876835AFC}.Debug|x86.Build.0 = Debug|Any CPU
		{FFB04D3E-3565-4353-972A-692876835AFC}.Release|Any CPU.ActiveCfg = Release|Any CPU
		{FFB04D3E-3565-4353-972A-692876835AFC}.Release|Any CPU.Build.0 = Release|Any CPU
		{FFB04D3E-3565-4353-972A-692876835AFC}.Release|x86.ActiveCfg = Release|Any CPU
		{FFB04D3E-3565-4353-972A-692876835AFC}.Release|x86.Build.0 = Release|Any CPU
		{754F1969-9812-4841-86B0-7888AC9F8C6D}.Debug|Any CPU.ActiveCfg = Debug|Any CPU
		{754F1969-9812-4841-86B0-7888AC9F8C6D}.Debug|Any CPU.Build.0 = Debug|Any CPU
		{754F1969-9812-4841-86B0-7888AC9F8C6D}.Debug|x86.ActiveCfg = Debug|Any CPU
		{754F1969-9812-4841-86B0-7888AC9F8C6D}.Debug|x86.Build.0 = Debug|Any CPU
		{754F1969-9812-4841-86B0-7888AC9F8C6D}.Release|Any CPU.ActiveCfg = Release|Any CPU
		{754F1969-9812-4841-86B0-7888AC9F8C6D}.Release|Any CPU.Build.0 = Release|Any CPU
		{754F1969-9812-4841-86B0-7888AC9F8C6D}.Release|x86.ActiveCfg = Release|Any CPU
		{754F1969-9812-4841-86B0-7888AC9F8C6D}.Release|x86.Build.0 = Release|Any CPU
		{F4469D6C-4105-4525-BBB1-3430966888A6}.Debug|Any CPU.ActiveCfg = Debug|Any CPU
		{F4469D6C-4105-4525-BBB1-3430966888A6}.Debug|Any CPU.Build.0 = Debug|Any CPU
		{F4469D6C-4105-4525-BBB1-3430966888A6}.Debug|x86.ActiveCfg = Debug|Any CPU
		{F4469D6C-4105-4525-BBB1-3430966888A6}.Debug|x86.Build.0 = Debug|Any CPU
		{F4469D6C-4105-4525-BBB1-3430966888A6}.Release|Any CPU.ActiveCfg = Release|Any CPU
		{F4469D6C-4105-4525-BBB1-3430966888A6}.Release|Any CPU.Build.0 = Release|Any CPU
		{F4469D6C-4105-4525-BBB1-3430966888A6}.Release|x86.ActiveCfg = Release|Any CPU
		{F4469D6C-4105-4525-BBB1-3430966888A6}.Release|x86.Build.0 = Release|Any CPU
	EndGlobalSection
	GlobalSection(SolutionProperties) = preSolution
		HideSolutionNode = FALSE
	EndGlobalSection
	GlobalSection(ExtensibilityGlobals) = postSolution
		SolutionGuid = {678566D8-EEFE-4E23-AD46-716E0218FED5}
	EndGlobalSection
EndGlobal
